
Microsoft Visual Studio Solution File, Format Version 12.00
# Visual Studio 15
Project("{FAE04EC0-301F-11D3-BF4B-00C04F79EFBC}") = "FossilHistory", "Assembly-CSharp.csproj", "{D318185E-252E-FD89-E6F5-620F5DC93505}"
EndProject
Global
	GlobalSection(SolutionConfigurationPlatforms) = preSolution
		Debug|Any CPU = Debug|Any CPU
		Release|Any CPU = Release|Any CPU
	EndGlobalSection
	GlobalSection(ProjectConfigurationPlatforms) = postSolution
		{D318185E-252E-FD89-E6F5-620F5DC93505}.Debug|Any CPU.ActiveCfg = Debug|Any CPU
		{D318185E-252E-FD89-E6F5-620F5DC93505}.Debug|Any CPU.Build.0 = Debug|Any CPU
		{D318185E-252E-FD89-E6F5-620F5DC93505}.Release|Any CPU.ActiveCfg = Release|Any CPU
		{D318185E-252E-FD89-E6F5-620F5DC93505}.Release|Any CPU.Build.0 = Release|Any CPU
	EndGlobalSection
	GlobalSection(SolutionProperties) = preSolution
		HideSolutionNode = FALSE
	EndGlobalSection
EndGlobal
