
Microsoft Visual Studio Solution File, Format Version 12.00
# Visual Studio 15
Project("{FAE04EC0-301F-11D3-BF4B-00C04F79EFBC}") = "FossilHistory-master", "Assembly-CSharp.csproj", "{BC97C167-C982-0300-0427-A443B4D5044E}"
EndProject
Global
	GlobalSection(SolutionConfigurationPlatforms) = preSolution
		Debug|Any CPU = Debug|Any CPU
		Release|Any CPU = Release|Any CPU
	EndGlobalSection
	GlobalSection(ProjectConfigurationPlatforms) = postSolution
		{BC97C167-C982-0300-0427-A443B4D5044E}.Debug|Any CPU.ActiveCfg = Debug|Any CPU
		{BC97C167-C982-0300-0427-A443B4D5044E}.Debug|Any CPU.Build.0 = Debug|Any CPU
		{BC97C167-C982-0300-0427-A443B4D5044E}.Release|Any CPU.ActiveCfg = Release|Any CPU
		{BC97C167-C982-0300-0427-A443B4D5044E}.Release|Any CPU.Build.0 = Release|Any CPU
	EndGlobalSection
	GlobalSection(SolutionProperties) = preSolution
		HideSolutionNode = FALSE
	EndGlobalSection
EndGlobal
